
Microsoft Visual Studio Solution File, Format Version 12.00
# Visual Studio Version 17
VisualStudioVersion = 17.1.32210.238
MinimumVisualStudioVersion = 10.0.40219.1
Project("{FAE04EC0-301F-11D3-BF4B-00C04F79EFBC}") = "Tetris", "Tetris\Tetris.csproj", "{8B75F79C-65FA-4666-8977-CFD0886555AF}"
EndProject
Global
	GlobalSection(SolutionConfigurationPlatforms) = preSolution
		Debug|Any CPU = Debug|Any CPU
		Release|Any CPU = Release|Any CPU
	EndGlobalSection
	GlobalSection(ProjectConfigurationPlatforms) = postSolution
		{8B75F79C-65FA-4666-8977-CFD0886555AF}.Debug|Any CPU.ActiveCfg = Debug|Any CPU
		{8B75F79C-65FA-4666-8977-CFD0886555AF}.Debug|Any CPU.Build.0 = Debug|Any CPU
		{8B75F79C-65FA-4666-8977-CFD0886555AF}.Release|Any CPU.ActiveCfg = Release|Any CPU
		{8B75F79C-65FA-4666-8977-CFD0886555AF}.Release|Any CPU.Build.0 = Release|Any CPU
	EndGlobalSection
	GlobalSection(SolutionProperties) = preSolution
		HideSolutionNode = FALSE
	EndGlobalSection
	GlobalSection(ExtensibilityGlobals) = postSolution
		SolutionGuid = {E5986746-30A1-47A6-AFB5-15D9F92D2D9B}
	EndGlobalSection
EndGlobal
